{
  "requires": true,
  "lockfileVersion": 1,
  "dependencies": {
    "ipython": {
      "version": "0.0.1",
      "resolved": "https://registry.npmjs.org/ipython/-/ipython-0.0.1.tgz",
      "integrity": "sha512-Hd+W/BcFXRNo0Gbr/MDvu5p/EY2smHWaj6YDBha3rPMReMPGX2BOseAR60Zr+mlk29LImNDHI0aYvvQU7cUbIQ=="
    }
  }
}
